
Microsoft Visual Studio Solution File, Format Version 12.00
# Visual Studio 15
VisualStudioVersion = 15.0.28307.421
MinimumVisualStudioVersion = 10.0.40219.1
Project("{FAE04EC0-301F-11D3-BF4B-00C04F79EFBC}") = "Lab7_1", "Lab7_1\Lab7_1.csproj", "{C089C3D2-140E-4FC2-BDAB-1917C79E722F}"
EndProject
Global
	GlobalSection(SolutionConfigurationPlatforms) = preSolution
		Debug|Any CPU = Debug|Any CPU
		Release|Any CPU = Release|Any CPU
	EndGlobalSection
	GlobalSection(ProjectConfigurationPlatforms) = postSolution
		{C089C3D2-140E-4FC2-BDAB-1917C79E722F}.Debug|Any CPU.ActiveCfg = Debug|Any CPU
		{C089C3D2-140E-4FC2-BDAB-1917C79E722F}.Debug|Any CPU.Build.0 = Debug|Any CPU
		{C089C3D2-140E-4FC2-BDAB-1917C79E722F}.Release|Any CPU.ActiveCfg = Release|Any CPU
		{C089C3D2-140E-4FC2-BDAB-1917C79E722F}.Release|Any CPU.Build.0 = Release|Any CPU
	EndGlobalSection
	GlobalSection(SolutionProperties) = preSolution
		HideSolutionNode = FALSE
	EndGlobalSection
	GlobalSection(ExtensibilityGlobals) = postSolution
		SolutionGuid = {223723CC-90C6-44D2-92D9-235DE0473F77}
	EndGlobalSection
EndGlobal
